
Microsoft Visual Studio Solution File, Format Version 12.00
# Visual Studio Version 17
VisualStudioVersion = 17.7.34031.279
MinimumVisualStudioVersion = 10.0.40219.1
Project("{9A19103F-16F7-4668-BE54-9A1E7A4F7556}") = "AloDoutor.Infra.Data", "AloDoutor.Infra\AloDoutor.Infra.Data.csproj", "{4A679F1F-EAB2-476A-9513-CACA86A8FD03}"
EndProject
Project("{9A19103F-16F7-4668-BE54-9A1E7A4F7556}") = "AloDoutor.Domain", "AloDoutor.Data\AloDoutor.Domain.csproj", "{7B3CF59D-EF59-4E44-96AA-7FF20210AA78}"
EndProject
Project("{9A19103F-16F7-4668-BE54-9A1E7A4F7556}") = "AloDoutor.Api", "AloDoutor.API\AloDoutor.Api.csproj", "{F4EFB54C-E1B3-447D-842F-5F3346B247E6}"
EndProject
Project("{2150E333-8FDC-42A3-9474-1A3956D46DE8}") = "Services", "Services", "{F0FE3AAF-09C8-4B05-88A0-CBAB00D154D2}"
EndProject
Project("{2150E333-8FDC-42A3-9474-1A3956D46DE8}") = "1 . Microservice", "1 . Microservice", "{8973AB77-5123-4A89-ADCC-7EE25AAB3470}"
EndProject
Project("{2150E333-8FDC-42A3-9474-1A3956D46DE8}") = "Building Blocks", "Building Blocks", "{B6223967-0AF5-4E4F-B363-1B282163D891}"
EndProject
Project("{2150E333-8FDC-42A3-9474-1A3956D46DE8}") = "Core", "Core", "{6E58F1FF-E3C0-4C6F-A18E-7569EBB1162D}"
EndProject
Project("{9A19103F-16F7-4668-BE54-9A1E7A4F7556}") = "AloDoutor.Core", "AloDoutor.Core\AloDoutor.Core.csproj", "{5AA053C1-6144-4C8D-B9D3-F81BD93BE52E}"
EndProject
Project("{2150E333-8FDC-42A3-9474-1A3956D46DE8}") = "Solution Items", "Solution Items", "{1BEE3838-E163-43C5-9E85-252E62193DDB}"
	ProjectSection(SolutionItems) = preProject
		docker-compose.yml = docker-compose.yml
		Dockerfile.AloDoutor = Dockerfile.AloDoutor
		Dockerfile.AloFinances = Dockerfile.AloFinances
		Dockerfile.Identidade = Dockerfile.Identidade
	EndProjectSection
EndProject
Project("{2150E333-8FDC-42A3-9474-1A3956D46DE8}") = "2. Application", "2. Application", "{B7456357-599C-4902-9138-6EB538A25413}"
EndProject
Project("{2150E333-8FDC-42A3-9474-1A3956D46DE8}") = "3. Entity", "3. Entity", "{6D87AA89-63E6-41A2-9C5D-22914A51EC21}"
EndProject
Project("{2150E333-8FDC-42A3-9474-1A3956D46DE8}") = "4. Infraestructure", "4. Infraestructure", "{62225430-5EC9-47AE-9588-D8A3D9CD2241}"
EndProject
Project("{FAE04EC0-301F-11D3-BF4B-00C04F79EFBC}") = "AloDoutor.Infra.Ioc", "AloDoutor.Infra.Ioc\AloDoutor.Infra.Ioc.csproj", "{DACFDA79-29A8-451E-A5E0-722185458350}"
EndProject
Project("{FAE04EC0-301F-11D3-BF4B-00C04F79EFBC}") = "AloDoutor.Application", "AloDoutor.Application\AloDoutor.Application.csproj", "{4E44B9EE-1447-4312-A227-E2A85C335A69}"
EndProject
Global
	GlobalSection(SolutionConfigurationPlatforms) = preSolution
		Debug|Any CPU = Debug|Any CPU
		Release|Any CPU = Release|Any CPU
	EndGlobalSection
	GlobalSection(ProjectConfigurationPlatforms) = postSolution
		{4A679F1F-EAB2-476A-9513-CACA86A8FD03}.Debug|Any CPU.ActiveCfg = Debug|Any CPU
		{4A679F1F-EAB2-476A-9513-CACA86A8FD03}.Debug|Any CPU.Build.0 = Debug|Any CPU
		{4A679F1F-EAB2-476A-9513-CACA86A8FD03}.Release|Any CPU.ActiveCfg = Release|Any CPU
		{4A679F1F-EAB2-476A-9513-CACA86A8FD03}.Release|Any CPU.Build.0 = Release|Any CPU
		{7B3CF59D-EF59-4E44-96AA-7FF20210AA78}.Debug|Any CPU.ActiveCfg = Debug|Any CPU
		{7B3CF59D-EF59-4E44-96AA-7FF20210AA78}.Debug|Any CPU.Build.0 = Debug|Any CPU
		{7B3CF59D-EF59-4E44-96AA-7FF20210AA78}.Release|Any CPU.ActiveCfg = Release|Any CPU
		{7B3CF59D-EF59-4E44-96AA-7FF20210AA78}.Release|Any CPU.Build.0 = Release|Any CPU
		{F4EFB54C-E1B3-447D-842F-5F3346B247E6}.Debug|Any CPU.ActiveCfg = Debug|Any CPU
		{F4EFB54C-E1B3-447D-842F-5F3346B247E6}.Debug|Any CPU.Build.0 = Debug|Any CPU
		{F4EFB54C-E1B3-447D-842F-5F3346B247E6}.Release|Any CPU.ActiveCfg = Release|Any CPU
		{F4EFB54C-E1B3-447D-842F-5F3346B247E6}.Release|Any CPU.Build.0 = Release|Any CPU
		{5AA053C1-6144-4C8D-B9D3-F81BD93BE52E}.Debug|Any CPU.ActiveCfg = Debug|Any CPU
		{5AA053C1-6144-4C8D-B9D3-F81BD93BE52E}.Debug|Any CPU.Build.0 = Debug|Any CPU
		{5AA053C1-6144-4C8D-B9D3-F81BD93BE52E}.Release|Any CPU.ActiveCfg = Release|Any CPU
		{5AA053C1-6144-4C8D-B9D3-F81BD93BE52E}.Release|Any CPU.Build.0 = Release|Any CPU
		{DACFDA79-29A8-451E-A5E0-722185458350}.Debug|Any CPU.ActiveCfg = Debug|Any CPU
		{DACFDA79-29A8-451E-A5E0-722185458350}.Debug|Any CPU.Build.0 = Debug|Any CPU
		{DACFDA79-29A8-451E-A5E0-722185458350}.Release|Any CPU.ActiveCfg = Release|Any CPU
		{DACFDA79-29A8-451E-A5E0-722185458350}.Release|Any CPU.Build.0 = Release|Any CPU
		{4E44B9EE-1447-4312-A227-E2A85C335A69}.Debug|Any CPU.ActiveCfg = Debug|Any CPU
		{4E44B9EE-1447-4312-A227-E2A85C335A69}.Debug|Any CPU.Build.0 = Debug|Any CPU
		{4E44B9EE-1447-4312-A227-E2A85C335A69}.Release|Any CPU.ActiveCfg = Release|Any CPU
		{4E44B9EE-1447-4312-A227-E2A85C335A69}.Release|Any CPU.Build.0 = Release|Any CPU
	EndGlobalSection
	GlobalSection(SolutionProperties) = preSolution
		HideSolutionNode = FALSE
	EndGlobalSection
	GlobalSection(NestedProjects) = preSolution
		{4A679F1F-EAB2-476A-9513-CACA86A8FD03} = {62225430-5EC9-47AE-9588-D8A3D9CD2241}
		{7B3CF59D-EF59-4E44-96AA-7FF20210AA78} = {6D87AA89-63E6-41A2-9C5D-22914A51EC21}
		{F4EFB54C-E1B3-447D-842F-5F3346B247E6} = {8973AB77-5123-4A89-ADCC-7EE25AAB3470}
		{8973AB77-5123-4A89-ADCC-7EE25AAB3470} = {F0FE3AAF-09C8-4B05-88A0-CBAB00D154D2}
		{6E58F1FF-E3C0-4C6F-A18E-7569EBB1162D} = {B6223967-0AF5-4E4F-B363-1B282163D891}
		{5AA053C1-6144-4C8D-B9D3-F81BD93BE52E} = {6E58F1FF-E3C0-4C6F-A18E-7569EBB1162D}
		{B7456357-599C-4902-9138-6EB538A25413} = {F0FE3AAF-09C8-4B05-88A0-CBAB00D154D2}
		{6D87AA89-63E6-41A2-9C5D-22914A51EC21} = {F0FE3AAF-09C8-4B05-88A0-CBAB00D154D2}
		{62225430-5EC9-47AE-9588-D8A3D9CD2241} = {F0FE3AAF-09C8-4B05-88A0-CBAB00D154D2}
		{DACFDA79-29A8-451E-A5E0-722185458350} = {62225430-5EC9-47AE-9588-D8A3D9CD2241}
		{4E44B9EE-1447-4312-A227-E2A85C335A69} = {B7456357-599C-4902-9138-6EB538A25413}
	EndGlobalSection
	GlobalSection(ExtensibilityGlobals) = postSolution
		SolutionGuid = {877E6D01-399B-4D04-98A6-F21235CA469F}
	EndGlobalSection
EndGlobal
